{
    "_meta": {
        "hash": {
            "sha256": "8f25e934fcf69330ae3381619953f323c7c33e48bd9bcdbae7c96800113372bf"
        },
        "pipfile-spec": 6,
        "requires": {
            "python_version": "3.8"
        },
        "sources": [
            {
                "name": "pypi",
                "url": "https://pypi.org/simple",
                "verify_ssl": true
            }
        ]
    },
    "default": {
        "pyglet": {
            "hashes": [
                "sha256:ab00099bd8f6b3b09c623ff304a19ea381141dde587cfcce05b919b684c9234a",
                "sha256:c99758089141be6d2c787902c9d0367b43f94976bbcd3853ea7e438b404c39cd"
            ],
            "index": "pypi",
            "version": "==1.5.14"
        }
    },
    "develop": {}
}
