{
    "_meta": {
        "hash": {
            "sha256": "24a9a5112e9bcee1e8e49fb5a1edb498af447f51a0dc5f551760b5d389e7a654"
        },
        "pipfile-spec": 6,
        "requires": {
            "python_version": "3.9"
        },
        "sources": [
            {
                "name": "pypi",
                "url": "https://pypi.org/simple",
                "verify_ssl": true
            }
        ]
    },
    "default": {
        "pyglet": {
            "hashes": [
                "sha256:4401cc176580e4e17e2df8bbf7536f27e691327dc3f38f209a12f1859c70aed2",
                "sha256:da9d8337388cedabf1f1c5dc21a45bb2b0e5327fba47f996c8573818c3dfa478"
            ],
            "index": "pypi",
            "version": "==1.5.15"
        }
    },
    "develop": {}
}
